// !$*UTF8*$!
{
	archiveVersion = 1;
	classes = {
	};
	objectVersion = 51;
	objects = {

/* Begin PBXBuildFile section */
		03BE62FE858C84BA7CAE677A /* Pods_ToDo_.framework in Frameworks */ = {isa = PBXBuildFile; fileRef = 7E8886E0FC69977F9F9A3CC7 /* Pods_ToDo_.framework */; };
		827368E901B7F69EAAF2BE77 /* Pods_ToDo_Tests.framework in Frameworks */ = {isa = PBXBuildFile; fileRef = 3D8A863481052F8B5BE61AA8 /* Pods_ToDo_Tests.framework */; };
		877381B80DE72FBC1F9777F1 /* Pods_ToDo__ToDo_UITests.framework in Frameworks */ = {isa = PBXBuildFile; fileRef = 5DF0D29725F40EE9E3D88979 /* Pods_ToDo__ToDo_UITests.framework */; };
		BBFFDDCE244FFF1D000C2299 /* AppDelegate.swift in Sources */ = {isa = PBXBuildFile; fileRef = BBFFDDCD244FFF1D000C2299 /* AppDelegate.swift */; };
		BBFFDDD0244FFF1D000C2299 /* SceneDelegate.swift in Sources */ = {isa = PBXBuildFile; fileRef = BBFFDDCF244FFF1D000C2299 /* SceneDelegate.swift */; };
		BBFFDDD2244FFF1D000C2299 /* ViewController.swift in Sources */ = {isa = PBXBuildFile; fileRef = BBFFDDD1244FFF1D000C2299 /* ViewController.swift */; };
		BBFFDDD5244FFF1D000C2299 /* Main.storyboard in Resources */ = {isa = PBXBuildFile; fileRef = BBFFDDD3244FFF1D000C2299 /* Main.storyboard */; };
		BBFFDDD7244FFF25000C2299 /* Assets.xcassets in Resources */ = {isa = PBXBuildFile; fileRef = BBFFDDD6244FFF25000C2299 /* Assets.xcassets */; };
		BBFFDDDA244FFF25000C2299 /* LaunchScreen.storyboard in Resources */ = {isa = PBXBuildFile; fileRef = BBFFDDD8244FFF25000C2299 /* LaunchScreen.storyboard */; };
		BBFFDDE5244FFF26000C2299 /* ToDo_Tests.swift in Sources */ = {isa = PBXBuildFile; fileRef = BBFFDDE4244FFF26000C2299 /* ToDo_Tests.swift */; };
		BBFFDDF0244FFF26000C2299 /* ToDo_UITests.swift in Sources */ = {isa = PBXBuildFile; fileRef = BBFFDDEF244FFF26000C2299 /* ToDo_UITests.swift */; };
		BBFFDDFE2451486E000C2299 /* Task.swift in Sources */ = {isa = PBXBuildFile; fileRef = BBFFDDFD2451486E000C2299 /* Task.swift */; };
/* End PBXBuildFile section */

/* Begin PBXContainerItemProxy section */
		BBFFDDE1244FFF26000C2299 /* PBXContainerItemProxy */ = {
			isa = PBXContainerItemProxy;
			containerPortal = BBFFDDC2244FFF1D000C2299 /* Project object */;
			proxyType = 1;
			remoteGlobalIDString = BBFFDDC9244FFF1D000C2299;
			remoteInfo = "ToDo!";
		};
		BBFFDDEC244FFF26000C2299 /* PBXContainerItemProxy */ = {
			isa = PBXContainerItemProxy;
			containerPortal = BBFFDDC2244FFF1D000C2299 /* Project object */;
			proxyType = 1;
			remoteGlobalIDString = BBFFDDC9244FFF1D000C2299;
			remoteInfo = "ToDo!";
		};
/* End PBXContainerItemProxy section */

/* Begin PBXFileReference section */
		057E6F48204109F16FA00A22 /* Pods-ToDo!Tests.release.xcconfig */ = {isa = PBXFileReference; includeInIndex = 1; lastKnownFileType = text.xcconfig; name = "Pods-ToDo!Tests.release.xcconfig"; path = "Target Support Files/Pods-ToDo!Tests/Pods-ToDo!Tests.release.xcconfig"; sourceTree = "<group>"; };
		2D12E58FD3D4DADF7C0321ED /* Pods-ToDo!.release.xcconfig */ = {isa = PBXFileReference; includeInIndex = 1; lastKnownFileType = text.xcconfig; name = "Pods-ToDo!.release.xcconfig"; path = "Target Support Files/Pods-ToDo!/Pods-ToDo!.release.xcconfig"; sourceTree = "<group>"; };
		3D8A863481052F8B5BE61AA8 /* Pods_ToDo_Tests.framework */ = {isa = PBXFileReference; explicitFileType = wrapper.framework; includeInIndex = 0; path = Pods_ToDo_Tests.framework; sourceTree = BUILT_PRODUCTS_DIR; };
		5DF0D29725F40EE9E3D88979 /* Pods_ToDo__ToDo_UITests.framework */ = {isa = PBXFileReference; explicitFileType = wrapper.framework; includeInIndex = 0; path = Pods_ToDo__ToDo_UITests.framework; sourceTree = BUILT_PRODUCTS_DIR; };
		7E8886E0FC69977F9F9A3CC7 /* Pods_ToDo_.framework */ = {isa = PBXFileReference; explicitFileType = wrapper.framework; includeInIndex = 0; path = Pods_ToDo_.framework; sourceTree = BUILT_PRODUCTS_DIR; };
		7F5F9FF4368ECE0D4027665B /* Pods-ToDo!.debug.xcconfig */ = {isa = PBXFileReference; includeInIndex = 1; lastKnownFileType = text.xcconfig; name = "Pods-ToDo!.debug.xcconfig"; path = "Target Support Files/Pods-ToDo!/Pods-ToDo!.debug.xcconfig"; sourceTree = "<group>"; };
		8A503E923FB5B4FD9E4ECAC5 /* Pods-ToDo!Tests.debug.xcconfig */ = {isa = PBXFileReference; includeInIndex = 1; lastKnownFileType = text.xcconfig; name = "Pods-ToDo!Tests.debug.xcconfig"; path = "Target Support Files/Pods-ToDo!Tests/Pods-ToDo!Tests.debug.xcconfig"; sourceTree = "<group>"; };
		92835A5B06C00FC68259E465 /* Pods-ToDo!-ToDo!UITests.release.xcconfig */ = {isa = PBXFileReference; includeInIndex = 1; lastKnownFileType = text.xcconfig; name = "Pods-ToDo!-ToDo!UITests.release.xcconfig"; path = "Target Support Files/Pods-ToDo!-ToDo!UITests/Pods-ToDo!-ToDo!UITests.release.xcconfig"; sourceTree = "<group>"; };
		BBFFDDCA244FFF1D000C2299 /* ToDo!.app */ = {isa = PBXFileReference; explicitFileType = wrapper.application; includeInIndex = 0; path = "ToDo!.app"; sourceTree = BUILT_PRODUCTS_DIR; };
		BBFFDDCD244FFF1D000C2299 /* AppDelegate.swift */ = {isa = PBXFileReference; lastKnownFileType = sourcecode.swift; path = AppDelegate.swift; sourceTree = "<group>"; };
		BBFFDDCF244FFF1D000C2299 /* SceneDelegate.swift */ = {isa = PBXFileReference; lastKnownFileType = sourcecode.swift; path = SceneDelegate.swift; sourceTree = "<group>"; };
		BBFFDDD1244FFF1D000C2299 /* ViewController.swift */ = {isa = PBXFileReference; lastKnownFileType = sourcecode.swift; path = ViewController.swift; sourceTree = "<group>"; };
		BBFFDDD4244FFF1D000C2299 /* Base */ = {isa = PBXFileReference; lastKnownFileType = file.storyboard; name = Base; path = Base.lproj/Main.storyboard; sourceTree = "<group>"; };
		BBFFDDD6244FFF25000C2299 /* Assets.xcassets */ = {isa = PBXFileReference; lastKnownFileType = folder.assetcatalog; path = Assets.xcassets; sourceTree = "<group>"; };
		BBFFDDD9244FFF25000C2299 /* Base */ = {isa = PBXFileReference; lastKnownFileType = file.storyboard; name = Base; path = Base.lproj/LaunchScreen.storyboard; sourceTree = "<group>"; };
		BBFFDDDB244FFF25000C2299 /* Info.plist */ = {isa = PBXFileReference; lastKnownFileType = text.plist.xml; path = Info.plist; sourceTree = "<group>"; };
		BBFFDDE0244FFF26000C2299 /* ToDo!Tests.xctest */ = {isa = PBXFileReference; explicitFileType = wrapper.cfbundle; includeInIndex = 0; path = "ToDo!Tests.xctest"; sourceTree = BUILT_PRODUCTS_DIR; };
		BBFFDDE4244FFF26000C2299 /* ToDo_Tests.swift */ = {isa = PBXFileReference; lastKnownFileType = sourcecode.swift; path = ToDo_Tests.swift; sourceTree = "<group>"; };
		BBFFDDE6244FFF26000C2299 /* Info.plist */ = {isa = PBXFileReference; lastKnownFileType = text.plist.xml; path = Info.plist; sourceTree = "<group>"; };
		BBFFDDEB244FFF26000C2299 /* ToDo!UITests.xctest */ = {isa = PBXFileReference; explicitFileType = wrapper.cfbundle; includeInIndex = 0; path = "ToDo!UITests.xctest"; sourceTree = BUILT_PRODUCTS_DIR; };
		BBFFDDEF244FFF26000C2299 /* ToDo_UITests.swift */ = {isa = PBXFileReference; lastKnownFileType = sourcecode.swift; path = ToDo_UITests.swift; sourceTree = "<group>"; };
		BBFFDDF1244FFF26000C2299 /* Info.plist */ = {isa = PBXFileReference; lastKnownFileType = text.plist.xml; path = Info.plist; sourceTree = "<group>"; };
		BBFFDDFD2451486E000C2299 /* Task.swift */ = {isa = PBXFileReference; lastKnownFileType = sourcecode.swift; path = Task.swift; sourceTree = "<group>"; };
		D752992210E70734025E757E /* Pods-ToDo!-ToDo!UITests.debug.xcconfig */ = {isa = PBXFileReference; includeInIndex = 1; lastKnownFileType = text.xcconfig; name = "Pods-ToDo!-ToDo!UITests.debug.xcconfig"; path = "Target Support Files/Pods-ToDo!-ToDo!UITests/Pods-ToDo!-ToDo!UITests.debug.xcconfig"; sourceTree = "<group>"; };
/* End PBXFileReference section */

/* Begin PBXFrameworksBuildPhase section */
		BBFFDDC7244FFF1D000C2299 /* Frameworks */ = {
			isa = PBXFrameworksBuildPhase;
			buildActionMask = 2147483647;
			files = (
				03BE62FE858C84BA7CAE677A /* Pods_ToDo_.framework in Frameworks */,
			);
			runOnlyForDeploymentPostprocessing = 0;
		};
		BBFFDDDD244FFF26000C2299 /* Frameworks */ = {
			isa = PBXFrameworksBuildPhase;
			buildActionMask = 2147483647;
			files = (
				827368E901B7F69EAAF2BE77 /* Pods_ToDo_Tests.framework in Frameworks */,
			);
			runOnlyForDeploymentPostprocessing = 0;
		};
		BBFFDDE8244FFF26000C2299 /* Frameworks */ = {
			isa = PBXFrameworksBuildPhase;
			buildActionMask = 2147483647;
			files = (
				877381B80DE72FBC1F9777F1 /* Pods_ToDo__ToDo_UITests.framework in Frameworks */,
			);
			runOnlyForDeploymentPostprocessing = 0;
		};
/* End PBXFrameworksBuildPhase section */

/* Begin PBXGroup section */
		379D6882A4CC3EC8E7BC1F9F /* Pods */ = {
			isa = PBXGroup;
			children = (
				7F5F9FF4368ECE0D4027665B /* Pods-ToDo!.debug.xcconfig */,
				2D12E58FD3D4DADF7C0321ED /* Pods-ToDo!.release.xcconfig */,
				D752992210E70734025E757E /* Pods-ToDo!-ToDo!UITests.debug.xcconfig */,
				92835A5B06C00FC68259E465 /* Pods-ToDo!-ToDo!UITests.release.xcconfig */,
				8A503E923FB5B4FD9E4ECAC5 /* Pods-ToDo!Tests.debug.xcconfig */,
				057E6F48204109F16FA00A22 /* Pods-ToDo!Tests.release.xcconfig */,
			);
			path = Pods;
			sourceTree = "<group>";
		};
		760D6DC63477D4C49FBF8252 /* Frameworks */ = {
			isa = PBXGroup;
			children = (
				7E8886E0FC69977F9F9A3CC7 /* Pods_ToDo_.framework */,
				5DF0D29725F40EE9E3D88979 /* Pods_ToDo__ToDo_UITests.framework */,
				3D8A863481052F8B5BE61AA8 /* Pods_ToDo_Tests.framework */,
			);
			name = Frameworks;
			sourceTree = "<group>";
		};
		BBFFDDC1244FFF1D000C2299 = {
			isa = PBXGroup;
			children = (
				BBFFDDCC244FFF1D000C2299 /* ToDo! */,
				BBFFDDE3244FFF26000C2299 /* ToDo!Tests */,
				BBFFDDEE244FFF26000C2299 /* ToDo!UITests */,
				BBFFDDCB244FFF1D000C2299 /* Products */,
				379D6882A4CC3EC8E7BC1F9F /* Pods */,
				760D6DC63477D4C49FBF8252 /* Frameworks */,
			);
			sourceTree = "<group>";
		};
		BBFFDDCB244FFF1D000C2299 /* Products */ = {
			isa = PBXGroup;
			children = (
				BBFFDDCA244FFF1D000C2299 /* ToDo!.app */,
				BBFFDDE0244FFF26000C2299 /* ToDo!Tests.xctest */,
				BBFFDDEB244FFF26000C2299 /* ToDo!UITests.xctest */,
			);
			name = Products;
			sourceTree = "<group>";
		};
		BBFFDDCC244FFF1D000C2299 /* ToDo! */ = {
			isa = PBXGroup;
			children = (
				BBFFDDCD244FFF1D000C2299 /* AppDelegate.swift */,
				BBFFDDCF244FFF1D000C2299 /* SceneDelegate.swift */,
				BBFFDDD1244FFF1D000C2299 /* ViewController.swift */,
				BBFFDDD3244FFF1D000C2299 /* Main.storyboard */,
				BBFFDDFD2451486E000C2299 /* Task.swift */,
				BBFFDDD6244FFF25000C2299 /* Assets.xcassets */,
				BBFFDDD8244FFF25000C2299 /* LaunchScreen.storyboard */,
				BBFFDDDB244FFF25000C2299 /* Info.plist */,
			);
			path = "ToDo!";
			sourceTree = "<group>";
		};
		BBFFDDE3244FFF26000C2299 /* ToDo!Tests */ = {
			isa = PBXGroup;
			children = (
				BBFFDDE4244FFF26000C2299 /* ToDo_Tests.swift */,
				BBFFDDE6244FFF26000C2299 /* Info.plist */,
			);
			path = "ToDo!Tests";
			sourceTree = "<group>";
		};
		BBFFDDEE244FFF26000C2299 /* ToDo!UITests */ = {
			isa = PBXGroup;
			children = (
				BBFFDDEF244FFF26000C2299 /* ToDo_UITests.swift */,
				BBFFDDF1244FFF26000C2299 /* Info.plist */,
			);
			path = "ToDo!UITests";
			sourceTree = "<group>";
		};
/* End PBXGroup section */

/* Begin PBXNativeTarget section */
		BBFFDDC9244FFF1D000C2299 /* ToDo! */ = {
			isa = PBXNativeTarget;
			buildConfigurationList = BBFFDDF4244FFF26000C2299 /* Build configuration list for PBXNativeTarget "ToDo!" */;
			buildPhases = (
				8EAA880C8D9EDD79A9540C06 /* [CP] Check Pods Manifest.lock */,
				BBFFDDC6244FFF1D000C2299 /* Sources */,
				BBFFDDC7244FFF1D000C2299 /* Frameworks */,
				BBFFDDC8244FFF1D000C2299 /* Resources */,
				7776387384548506301E32D5 /* [CP] Embed Pods Frameworks */,
			);
			buildRules = (
			);
			dependencies = (
			);
			name = "ToDo!";
			productName = "ToDo!";
			productReference = BBFFDDCA244FFF1D000C2299 /* ToDo!.app */;
			productType = "com.apple.product-type.application";
		};
		BBFFDDDF244FFF26000C2299 /* ToDo!Tests */ = {
			isa = PBXNativeTarget;
			buildConfigurationList = BBFFDDF7244FFF26000C2299 /* Build configuration list for PBXNativeTarget "ToDo!Tests" */;
			buildPhases = (
				DCB745E1F37ACF83AC6B6166 /* [CP] Check Pods Manifest.lock */,
				BBFFDDDC244FFF26000C2299 /* Sources */,
				BBFFDDDD244FFF26000C2299 /* Frameworks */,
				BBFFDDDE244FFF26000C2299 /* Resources */,
			);
			buildRules = (
			);
			dependencies = (
				BBFFDDE2244FFF26000C2299 /* PBXTargetDependency */,
			);
			name = "ToDo!Tests";
			productName = "ToDo!Tests";
			productReference = BBFFDDE0244FFF26000C2299 /* ToDo!Tests.xctest */;
			productType = "com.apple.product-type.bundle.unit-test";
		};
		BBFFDDEA244FFF26000C2299 /* ToDo!UITests */ = {
			isa = PBXNativeTarget;
			buildConfigurationList = BBFFDDFA244FFF26000C2299 /* Build configuration list for PBXNativeTarget "ToDo!UITests" */;
			buildPhases = (
				7144A91CA6AABD7E3957BE3E /* [CP] Check Pods Manifest.lock */,
				BBFFDDE7244FFF26000C2299 /* Sources */,
				BBFFDDE8244FFF26000C2299 /* Frameworks */,
				BBFFDDE9244FFF26000C2299 /* Resources */,
				FF608636BC11704197762248 /* [CP] Embed Pods Frameworks */,
			);
			buildRules = (
			);
			dependencies = (
				BBFFDDED244FFF26000C2299 /* PBXTargetDependency */,
			);
			name = "ToDo!UITests";
			productName = "ToDo!UITests";
			productReference = BBFFDDEB244FFF26000C2299 /* ToDo!UITests.xctest */;
			productType = "com.apple.product-type.bundle.ui-testing";
		};
/* End PBXNativeTarget section */

/* Begin PBXProject section */
		BBFFDDC2244FFF1D000C2299 /* Project object */ = {
			isa = PBXProject;
			attributes = {
				LastSwiftUpdateCheck = 1140;
				LastUpgradeCheck = 1140;
				ORGANIZATIONNAME = "Alec Tenefrancia";
				TargetAttributes = {
					BBFFDDC9244FFF1D000C2299 = {
						CreatedOnToolsVersion = 11.4.1;
					};
					BBFFDDDF244FFF26000C2299 = {
						CreatedOnToolsVersion = 11.4.1;
						TestTargetID = BBFFDDC9244FFF1D000C2299;
					};
					BBFFDDEA244FFF26000C2299 = {
						CreatedOnToolsVersion = 11.4.1;
						TestTargetID = BBFFDDC9244FFF1D000C2299;
					};
				};
			};
			buildConfigurationList = BBFFDDC5244FFF1D000C2299 /* Build configuration list for PBXProject "ToDo!" */;
			compatibilityVersion = "Xcode 9.3";
			developmentRegion = en;
			hasScannedForEncodings = 0;
			knownRegions = (
				en,
				Base,
			);
			mainGroup = BBFFDDC1244FFF1D000C2299;
			productRefGroup = BBFFDDCB244FFF1D000C2299 /* Products */;
			projectDirPath = "";
			projectRoot = "";
			targets = (
				BBFFDDC9244FFF1D000C2299 /* ToDo! */,
				BBFFDDDF244FFF26000C2299 /* ToDo!Tests */,
				BBFFDDEA244FFF26000C2299 /* ToDo!UITests */,
			);
		};
/* End PBXProject section */

/* Begin PBXResourcesBuildPhase section */
		BBFFDDC8244FFF1D000C2299 /* Resources */ = {
			isa = PBXResourcesBuildPhase;
			buildActionMask = 2147483647;
			files = (
				BBFFDDDA244FFF25000C2299 /* LaunchScreen.storyboard in Resources */,
				BBFFDDD7244FFF25000C2299 /* Assets.xcassets in Resources */,
				BBFFDDD5244FFF1D000C2299 /* Main.storyboard in Resources */,
			);
			runOnlyForDeploymentPostprocessing = 0;
		};
		BBFFDDDE244FFF26000C2299 /* Resources */ = {
			isa = PBXResourcesBuildPhase;
			buildActionMask = 2147483647;
			files = (
			);
			runOnlyForDeploymentPostprocessing = 0;
		};
		BBFFDDE9244FFF26000C2299 /* Resources */ = {
			isa = PBXResourcesBuildPhase;
			buildActionMask = 2147483647;
			files = (
			);
			runOnlyForDeploymentPostprocessing = 0;
		};
/* End PBXResourcesBuildPhase section */

/* Begin PBXShellScriptBuildPhase section */
		7144A91CA6AABD7E3957BE3E /* [CP] Check Pods Manifest.lock */ = {
			isa = PBXShellScriptBuildPhase;
			buildActionMask = 2147483647;
			files = (
			);
			inputFileListPaths = (
			);
			inputPaths = (
				"${PODS_PODFILE_DIR_PATH}/Podfile.lock",
				"${PODS_ROOT}/Manifest.lock",
			);
			name = "[CP] Check Pods Manifest.lock";
			outputFileListPaths = (
			);
			outputPaths = (
				"$(DERIVED_FILE_DIR)/Pods-ToDo!-ToDo!UITests-checkManifestLockResult.txt",
			);
			runOnlyForDeploymentPostprocessing = 0;
			shellPath = /bin/sh;
			shellScript = "diff \"${PODS_PODFILE_DIR_PATH}/Podfile.lock\" \"${PODS_ROOT}/Manifest.lock\" > /dev/null\nif [ $? != 0 ] ; then\n    # print error to STDERR\n    echo \"error: The sandbox is not in sync with the Podfile.lock. Run 'pod install' or update your CocoaPods installation.\" >&2\n    exit 1\nfi\n# This output is used by Xcode 'outputs' to avoid re-running this script phase.\necho \"SUCCESS\" > \"${SCRIPT_OUTPUT_FILE_0}\"\n";
			showEnvVarsInLog = 0;
		};
		7776387384548506301E32D5 /* [CP] Embed Pods Frameworks */ = {
			isa = PBXShellScriptBuildPhase;
			buildActionMask = 2147483647;
			files = (
			);
			inputFileListPaths = (
				"${PODS_ROOT}/Target Support Files/Pods-ToDo!/Pods-ToDo!-frameworks-${CONFIGURATION}-input-files.xcfilelist",
			);
			name = "[CP] Embed Pods Frameworks";
			outputFileListPaths = (
				"${PODS_ROOT}/Target Support Files/Pods-ToDo!/Pods-ToDo!-frameworks-${CONFIGURATION}-output-files.xcfilelist",
			);
			runOnlyForDeploymentPostprocessing = 0;
			shellPath = /bin/sh;
			shellScript = "\"${PODS_ROOT}/Target Support Files/Pods-ToDo!/Pods-ToDo!-frameworks.sh\"\n";
			showEnvVarsInLog = 0;
		};
		8EAA880C8D9EDD79A9540C06 /* [CP] Check Pods Manifest.lock */ = {
			isa = PBXShellScriptBuildPhase;
			buildActionMask = 2147483647;
			files = (
			);
			inputFileListPaths = (
			);
			inputPaths = (
				"${PODS_PODFILE_DIR_PATH}/Podfile.lock",
				"${PODS_ROOT}/Manifest.lock",
			);
			name = "[CP] Check Pods Manifest.lock";
			outputFileListPaths = (
			);
			outputPaths = (
				"$(DERIVED_FILE_DIR)/Pods-ToDo!-checkManifestLockResult.txt",
			);
			runOnlyForDeploymentPostprocessing = 0;
			shellPath = /bin/sh;
			shellScript = "diff \"${PODS_PODFILE_DIR_PATH}/Podfile.lock\" \"${PODS_ROOT}/Manifest.lock\" > /dev/null\nif [ $? != 0 ] ; then\n    # print error to STDERR\n    echo \"error: The sandbox is not in sync with the Podfile.lock. Run 'pod install' or update your CocoaPods installation.\" >&2\n    exit 1\nfi\n# This output is used by Xcode 'outputs' to avoid re-running this script phase.\necho \"SUCCESS\" > \"${SCRIPT_OUTPUT_FILE_0}\"\n";
			showEnvVarsInLog = 0;
		};
		DCB745E1F37ACF83AC6B6166 /* [CP] Check Pods Manifest.lock */ = {
			isa = PBXShellScriptBuildPhase;
			buildActionMask = 2147483647;
			files = (
			);
			inputFileListPaths = (
			);
			inputPaths = (
				"${PODS_PODFILE_DIR_PATH}/Podfile.lock",
				"${PODS_ROOT}/Manifest.lock",
			);
			name = "[CP] Check Pods Manifest.lock";
			outputFileListPaths = (
			);
			outputPaths = (
				"$(DERIVED_FILE_DIR)/Pods-ToDo!Tests-checkManifestLockResult.txt",
			);
			runOnlyForDeploymentPostprocessing = 0;
			shellPath = /bin/sh;
			shellScript = "diff \"${PODS_PODFILE_DIR_PATH}/Podfile.lock\" \"${PODS_ROOT}/Manifest.lock\" > /dev/null\nif [ $? != 0 ] ; then\n    # print error to STDERR\n    echo \"error: The sandbox is not in sync with the Podfile.lock. Run 'pod install' or update your CocoaPods installation.\" >&2\n    exit 1\nfi\n# This output is used by Xcode 'outputs' to avoid re-running this script phase.\necho \"SUCCESS\" > \"${SCRIPT_OUTPUT_FILE_0}\"\n";
			showEnvVarsInLog = 0;
		};
		FF608636BC11704197762248 /* [CP] Embed Pods Frameworks */ = {
			isa = PBXShellScriptBuildPhase;
			buildActionMask = 2147483647;
			files = (
			);
			inputFileListPaths = (
				"${PODS_ROOT}/Target Support Files/Pods-ToDo!-ToDo!UITests/Pods-ToDo!-ToDo!UITests-frameworks-${CONFIGURATION}-input-files.xcfilelist",
			);
			name = "[CP] Embed Pods Frameworks";
			outputFileListPaths = (
				"${PODS_ROOT}/Target Support Files/Pods-ToDo!-ToDo!UITests/Pods-ToDo!-ToDo!UITests-frameworks-${CONFIGURATION}-output-files.xcfilelist",
			);
			runOnlyForDeploymentPostprocessing = 0;
			shellPath = /bin/sh;
			shellScript = "\"${PODS_ROOT}/Target Support Files/Pods-ToDo!-ToDo!UITests/Pods-ToDo!-ToDo!UITests-frameworks.sh\"\n";
			showEnvVarsInLog = 0;
		};
/* End PBXShellScriptBuildPhase section */

/* Begin PBXSourcesBuildPhase section */
		BBFFDDC6244FFF1D000C2299 /* Sources */ = {
			isa = PBXSourcesBuildPhase;
			buildActionMask = 2147483647;
			files = (
				BBFFDDFE2451486E000C2299 /* Task.swift in Sources */,
				BBFFDDD2244FFF1D000C2299 /* ViewController.swift in Sources */,
				BBFFDDCE244FFF1D000C2299 /* AppDelegate.swift in Sources */,
				BBFFDDD0244FFF1D000C2299 /* SceneDelegate.swift in Sources */,
			);
			runOnlyForDeploymentPostprocessing = 0;
		};
		BBFFDDDC244FFF26000C2299 /* Sources */ = {
			isa = PBXSourcesBuildPhase;
			buildActionMask = 2147483647;
			files = (
				BBFFDDE5244FFF26000C2299 /* ToDo_Tests.swift in Sources */,
			);
			runOnlyForDeploymentPostprocessing = 0;
		};
		BBFFDDE7244FFF26000C2299 /* Sources */ = {
			isa = PBXSourcesBuildPhase;
			buildActionMask = 2147483647;
			files = (
				BBFFDDF0244FFF26000C2299 /* ToDo_UITests.swift in Sources */,
			);
			runOnlyForDeploymentPostprocessing = 0;
		};
/* End PBXSourcesBuildPhase section */

/* Begin PBXTargetDependency section */
		BBFFDDE2244FFF26000C2299 /* PBXTargetDependency */ = {
			isa = PBXTargetDependency;
			target = BBFFDDC9244FFF1D000C2299 /* ToDo! */;
			targetProxy = BBFFDDE1244FFF26000C2299 /* PBXContainerItemProxy */;
		};
		BBFFDDED244FFF26000C2299 /* PBXTargetDependency */ = {
			isa = PBXTargetDependency;
			target = BBFFDDC9244FFF1D000C2299 /* ToDo! */;
			targetProxy = BBFFDDEC244FFF26000C2299 /* PBXContainerItemProxy */;
		};
/* End PBXTargetDependency section */

/* Begin PBXVariantGroup section */
		BBFFDDD3244FFF1D000C2299 /* Main.storyboard */ = {
			isa = PBXVariantGroup;
			children = (
				BBFFDDD4244FFF1D000C2299 /* Base */,
			);
			name = Main.storyboard;
			sourceTree = "<group>";
		};
		BBFFDDD8244FFF25000C2299 /* LaunchScreen.storyboard */ = {
			isa = PBXVariantGroup;
			children = (
				BBFFDDD9244FFF25000C2299 /* Base */,
			);
			name = LaunchScreen.storyboard;
			sourceTree = "<group>";
		};
/* End PBXVariantGroup section */

/* Begin XCBuildConfiguration section */
		BBFFDDF2244FFF26000C2299 /* Debug */ = {
			isa = XCBuildConfiguration;
			buildSettings = {
				ALWAYS_SEARCH_USER_PATHS = NO;
				CLANG_ANALYZER_NONNULL = YES;
				CLANG_ANALYZER_NUMBER_OBJECT_CONVERSION = YES_AGGRESSIVE;
				CLANG_CXX_LANGUAGE_STANDARD = "gnu++14";
				CLANG_CXX_LIBRARY = "libc++";
				CLANG_ENABLE_MODULES = YES;
				CLANG_ENABLE_OBJC_ARC = YES;
				CLANG_ENABLE_OBJC_WEAK = YES;
				CLANG_WARN_BLOCK_CAPTURE_AUTORELEASING = YES;
				CLANG_WARN_BOOL_CONVERSION = YES;
				CLANG_WARN_COMMA = YES;
				CLANG_WARN_CONSTANT_CONVERSION = YES;
				CLANG_WARN_DEPRECATED_OBJC_IMPLEMENTATIONS = YES;
				CLANG_WARN_DIRECT_OBJC_ISA_USAGE = YES_ERROR;
				CLANG_WARN_DOCUMENTATION_COMMENTS = YES;
				CLANG_WARN_EMPTY_BODY = YES;
				CLANG_WARN_ENUM_CONVERSION = YES;
				CLANG_WARN_INFINITE_RECURSION = YES;
				CLANG_WARN_INT_CONVERSION = YES;
				CLANG_WARN_NON_LITERAL_NULL_CONVERSION = YES;
				CLANG_WARN_OBJC_IMPLICIT_RETAIN_SELF = YES;
				CLANG_WARN_OBJC_LITERAL_CONVERSION = YES;
				CLANG_WARN_OBJC_ROOT_CLASS = YES_ERROR;
				CLANG_WARN_RANGE_LOOP_ANALYSIS = YES;
				CLANG_WARN_STRICT_PROTOTYPES = YES;
				CLANG_WARN_SUSPICIOUS_MOVE = YES;
				CLANG_WARN_UNGUARDED_AVAILABILITY = YES_AGGRESSIVE;
				CLANG_WARN_UNREACHABLE_CODE = YES;
				CLANG_WARN__DUPLICATE_METHOD_MATCH = YES;
				COPY_PHASE_STRIP = NO;
				DEBUG_INFORMATION_FORMAT = dwarf;
				ENABLE_STRICT_OBJC_MSGSEND = YES;
				ENABLE_TESTABILITY = YES;
				GCC_C_LANGUAGE_STANDARD = gnu11;
				GCC_DYNAMIC_NO_PIC = NO;
				GCC_NO_COMMON_BLOCKS = YES;
				GCC_OPTIMIZATION_LEVEL = 0;
				GCC_PREPROCESSOR_DEFINITIONS = (
					"DEBUG=1",
					"$(inherited)",
				);
				GCC_WARN_64_TO_32_BIT_CONVERSION = YES;
				GCC_WARN_ABOUT_RETURN_TYPE = YES_ERROR;
				GCC_WARN_UNDECLARED_SELECTOR = YES;
				GCC_WARN_UNINITIALIZED_AUTOS = YES_AGGRESSIVE;
				GCC_WARN_UNUSED_FUNCTION = YES;
				GCC_WARN_UNUSED_VARIABLE = YES;
				IPHONEOS_DEPLOYMENT_TARGET = 13.4;
				MTL_ENABLE_DEBUG_INFO = INCLUDE_SOURCE;
				MTL_FAST_MATH = YES;
				ONLY_ACTIVE_ARCH = YES;
				SDKROOT = iphoneos;
				SWIFT_ACTIVE_COMPILATION_CONDITIONS = DEBUG;
				SWIFT_OPTIMIZATION_LEVEL = "-Onone";
			};
			name = Debug;
		};
		BBFFDDF3244FFF26000C2299 /* Release */ = {
			isa = XCBuildConfiguration;
			buildSettings = {
				ALWAYS_SEARCH_USER_PATHS = NO;
				CLANG_ANALYZER_NONNULL = YES;
				CLANG_ANALYZER_NUMBER_OBJECT_CONVERSION = YES_AGGRESSIVE;
				CLANG_CXX_LANGUAGE_STANDARD = "gnu++14";
				CLANG_CXX_LIBRARY = "libc++";
				CLANG_ENABLE_MODULES = YES;
				CLANG_ENABLE_OBJC_ARC = YES;
				CLANG_ENABLE_OBJC_WEAK = YES;
				CLANG_WARN_BLOCK_CAPTURE_AUTORELEASING = YES;
				CLANG_WARN_BOOL_CONVERSION = YES;
				CLANG_WARN_COMMA = YES;
				CLANG_WARN_CONSTANT_CONVERSION = YES;
				CLANG_WARN_DEPRECATED_OBJC_IMPLEMENTATIONS = YES;
				CLANG_WARN_DIRECT_OBJC_ISA_USAGE = YES_ERROR;
				CLANG_WARN_DOCUMENTATION_COMMENTS = YES;
				CLANG_WARN_EMPTY_BODY = YES;
				CLANG_WARN_ENUM_CONVERSION = YES;
				CLANG_WARN_INFINITE_RECURSION = YES;
				CLANG_WARN_INT_CONVERSION = YES;
				CLANG_WARN_NON_LITERAL_NULL_CONVERSION = YES;
				CLANG_WARN_OBJC_IMPLICIT_RETAIN_SELF = YES;
				CLANG_WARN_OBJC_LITERAL_CONVERSION = YES;
				CLANG_WARN_OBJC_ROOT_CLASS = YES_ERROR;
				CLANG_WARN_RANGE_LOOP_ANALYSIS = YES;
				CLANG_WARN_STRICT_PROTOTYPES = YES;
				CLANG_WARN_SUSPICIOUS_MOVE = YES;
				CLANG_WARN_UNGUARDED_AVAILABILITY = YES_AGGRESSIVE;
				CLANG_WARN_UNREACHABLE_CODE = YES;
				CLANG_WARN__DUPLICATE_METHOD_MATCH = YES;
				COPY_PHASE_STRIP = NO;
				DEBUG_INFORMATION_FORMAT = "dwarf-with-dsym";
				ENABLE_NS_ASSERTIONS = NO;
				ENABLE_STRICT_OBJC_MSGSEND = YES;
				GCC_C_LANGUAGE_STANDARD = gnu11;
				GCC_NO_COMMON_BLOCKS = YES;
				GCC_WARN_64_TO_32_BIT_CONVERSION = YES;
				GCC_WARN_ABOUT_RETURN_TYPE = YES_ERROR;
				GCC_WARN_UNDECLARED_SELECTOR = YES;
				GCC_WARN_UNINITIALIZED_AUTOS = YES_AGGRESSIVE;
				GCC_WARN_UNUSED_FUNCTION = YES;
				GCC_WARN_UNUSED_VARIABLE = YES;
				IPHONEOS_DEPLOYMENT_TARGET = 13.4;
				MTL_ENABLE_DEBUG_INFO = NO;
				MTL_FAST_MATH = YES;
				SDKROOT = iphoneos;
				SWIFT_COMPILATION_MODE = wholemodule;
				SWIFT_OPTIMIZATION_LEVEL = "-O";
				VALIDATE_PRODUCT = YES;
			};
			name = Release;
		};
		BBFFDDF5244FFF26000C2299 /* Debug */ = {
			isa = XCBuildConfiguration;
			baseConfigurationReference = 7F5F9FF4368ECE0D4027665B /* Pods-ToDo!.debug.xcconfig */;
			buildSettings = {
				ASSETCATALOG_COMPILER_APPICON_NAME = AppIcon;
				CODE_SIGN_STYLE = Automatic;
				INFOPLIST_FILE = "ToDo!/Info.plist";
				LD_RUNPATH_SEARCH_PATHS = (
					"$(inherited)",
					"@executable_path/Frameworks",
				);
				PRODUCT_BUNDLE_IDENTIFIER = "com.codepath.ToDo-";
				PRODUCT_NAME = "$(TARGET_NAME)";
				SWIFT_VERSION = 5.0;
				TARGETED_DEVICE_FAMILY = "1,2";
			};
			name = Debug;
		};
		BBFFDDF6244FFF26000C2299 /* Release */ = {
			isa = XCBuildConfiguration;
			baseConfigurationReference = 2D12E58FD3D4DADF7C0321ED /* Pods-ToDo!.release.xcconfig */;
			buildSettings = {
				ASSETCATALOG_COMPILER_APPICON_NAME = AppIcon;
				CODE_SIGN_STYLE = Automatic;
				INFOPLIST_FILE = "ToDo!/Info.plist";
				LD_RUNPATH_SEARCH_PATHS = (
					"$(inherited)",
					"@executable_path/Frameworks",
				);
				PRODUCT_BUNDLE_IDENTIFIER = "com.codepath.ToDo-";
				PRODUCT_NAME = "$(TARGET_NAME)";
				SWIFT_VERSION = 5.0;
				TARGETED_DEVICE_FAMILY = "1,2";
			};
			name = Release;
		};
		BBFFDDF8244FFF26000C2299 /* Debug */ = {
			isa = XCBuildConfiguration;
			baseConfigurationReference = 8A503E923FB5B4FD9E4ECAC5 /* Pods-ToDo!Tests.debug.xcconfig */;
			buildSettings = {
				ALWAYS_EMBED_SWIFT_STANDARD_LIBRARIES = YES;
				BUNDLE_LOADER = "$(TEST_HOST)";
				CODE_SIGN_STYLE = Automatic;
				INFOPLIST_FILE = "ToDo!Tests/Info.plist";
				IPHONEOS_DEPLOYMENT_TARGET = 13.4;
				LD_RUNPATH_SEARCH_PATHS = (
					"$(inherited)",
					"@executable_path/Frameworks",
					"@loader_path/Frameworks",
				);
				PRODUCT_BUNDLE_IDENTIFIER = "com.codepath.ToDo-Tests";
				PRODUCT_NAME = "$(TARGET_NAME)";
				SWIFT_VERSION = 5.0;
				TARGETED_DEVICE_FAMILY = "1,2";
				TEST_HOST = "$(BUILT_PRODUCTS_DIR)/ToDo!.app/ToDo!";
			};
			name = Debug;
		};
		BBFFDDF9244FFF26000C2299 /* Release */ = {
			isa = XCBuildConfiguration;
			baseConfigurationReference = 057E6F48204109F16FA00A22 /* Pods-ToDo!Tests.release.xcconfig */;
			buildSettings = {
				ALWAYS_EMBED_SWIFT_STANDARD_LIBRARIES = YES;
				BUNDLE_LOADER = "$(TEST_HOST)";
				CODE_SIGN_STYLE = Automatic;
				INFOPLIST_FILE = "ToDo!Tests/Info.plist";
				IPHONEOS_DEPLOYMENT_TARGET = 13.4;
				LD_RUNPATH_SEARCH_PATHS = (
					"$(inherited)",
					"@executable_path/Frameworks",
					"@loader_path/Frameworks",
				);
				PRODUCT_BUNDLE_IDENTIFIER = "com.codepath.ToDo-Tests";
				PRODUCT_NAME = "$(TARGET_NAME)";
				SWIFT_VERSION = 5.0;
				TARGETED_DEVICE_FAMILY = "1,2";
				TEST_HOST = "$(BUILT_PRODUCTS_DIR)/ToDo!.app/ToDo!";
			};
			name = Release;
		};
		BBFFDDFB244FFF26000C2299 /* Debug */ = {
			isa = XCBuildConfiguration;
			baseConfigurationReference = D752992210E70734025E757E /* Pods-ToDo!-ToDo!UITests.debug.xcconfig */;
			buildSettings = {
				ALWAYS_EMBED_SWIFT_STANDARD_LIBRARIES = YES;
				CODE_SIGN_STYLE = Automatic;
				INFOPLIST_FILE = "ToDo!UITests/Info.plist";
				LD_RUNPATH_SEARCH_PATHS = (
					"$(inherited)",
					"@executable_path/Frameworks",
					"@loader_path/Frameworks",
				);
				PRODUCT_BUNDLE_IDENTIFIER = "com.codepath.ToDo-UITests";
				PRODUCT_NAME = "$(TARGET_NAME)";
				SWIFT_VERSION = 5.0;
				TARGETED_DEVICE_FAMILY = "1,2";
				TEST_TARGET_NAME = "ToDo!";
			};
			name = Debug;
		};
		BBFFDDFC244FFF26000C2299 /* Release */ = {
			isa = XCBuildConfiguration;
			baseConfigurationReference = 92835A5B06C00FC68259E465 /* Pods-ToDo!-ToDo!UITests.release.xcconfig */;
			buildSettings = {
				ALWAYS_EMBED_SWIFT_STANDARD_LIBRARIES = YES;
				CODE_SIGN_STYLE = Automatic;
				INFOPLIST_FILE = "ToDo!UITests/Info.plist";
				LD_RUNPATH_SEARCH_PATHS = (
					"$(inherited)",
					"@executable_path/Frameworks",
					"@loader_path/Frameworks",
				);
				PRODUCT_BUNDLE_IDENTIFIER = "com.codepath.ToDo-UITests";
				PRODUCT_NAME = "$(TARGET_NAME)";
				SWIFT_VERSION = 5.0;
				TARGETED_DEVICE_FAMILY = "1,2";
				TEST_TARGET_NAME = "ToDo!";
			};
			name = Release;
		};
/* End XCBuildConfiguration section */

/* Begin XCConfigurationList section */
		BBFFDDC5244FFF1D000C2299 /* Build configuration list for PBXProject "ToDo!" */ = {
			isa = XCConfigurationList;
			buildConfigurations = (
				BBFFDDF2244FFF26000C2299 /* Debug */,
				BBFFDDF3244FFF26000C2299 /* Release */,
			);
			defaultConfigurationIsVisible = 0;
			defaultConfigurationName = Release;
		};
		BBFFDDF4244FFF26000C2299 /* Build configuration list for PBXNativeTarget "ToDo!" */ = {
			isa = XCConfigurationList;
			buildConfigurations = (
				BBFFDDF5244FFF26000C2299 /* Debug */,
				BBFFDDF6244FFF26000C2299 /* Release */,
			);
			defaultConfigurationIsVisible = 0;
			defaultConfigurationName = Release;
		};
		BBFFDDF7244FFF26000C2299 /* Build configuration list for PBXNativeTarget "ToDo!Tests" */ = {
			isa = XCConfigurationList;
			buildConfigurations = (
				BBFFDDF8244FFF26000C2299 /* Debug */,
				BBFFDDF9244FFF26000C2299 /* Release */,
			);
			defaultConfigurationIsVisible = 0;
			defaultConfigurationName = Release;
		};
		BBFFDDFA244FFF26000C2299 /* Build configuration list for PBXNativeTarget "ToDo!UITests" */ = {
			isa = XCConfigurationList;
			buildConfigurations = (
				BBFFDDFB244FFF26000C2299 /* Debug */,
				BBFFDDFC244FFF26000C2299 /* Release */,
			);
			defaultConfigurationIsVisible = 0;
			defaultConfigurationName = Release;
		};
/* End XCConfigurationList section */
	};
	rootObject = BBFFDDC2244FFF1D000C2299 /* Project object */;
}
